// !$*UTF8*$!
{
	archiveVersion = 1;
	classes = {
	};
	objectVersion = 50;
	objects = {

/* Begin PBXBuildFile section */
		E78C663B21C94E9C00CCEA95 /* AppDelegate.swift in Sources */ = {isa = PBXBuildFile; fileRef = E78C663A21C94E9C00CCEA95 /* AppDelegate.swift */; };
		E78C663D21C94E9C00CCEA95 /* ViewController.swift in Sources */ = {isa = PBXBuildFile; fileRef = E78C663C21C94E9C00CCEA95 /* ViewController.swift */; };
		E78C664021C94E9C00CCEA95 /* Main.storyboard in Resources */ = {isa = PBXBuildFile; fileRef = E78C663E21C94E9C00CCEA95 /* Main.storyboard */; };
		E78C664221C94E9D00CCEA95 /* Assets.xcassets in Resources */ = {isa = PBXBuildFile; fileRef = E78C664121C94E9D00CCEA95 /* Assets.xcassets */; };
		E78C664521C94E9D00CCEA95 /* LaunchScreen.storyboard in Resources */ = {isa = PBXBuildFile; fileRef = E78C664321C94E9D00CCEA95 /* LaunchScreen.storyboard */; };
		E78C664D21C9507900CCEA95 /* DialogPresentationController.swift in Sources */ = {isa = PBXBuildFile; fileRef = E78C664C21C9507900CCEA95 /* DialogPresentationController.swift */; };
		E78C664F21C9552900CCEA95 /* DialogViewController.swift in Sources */ = {isa = PBXBuildFile; fileRef = E78C664E21C9552900CCEA95 /* DialogViewController.swift */; };
		E78C665121C964B000CCEA95 /* DialogAnimationController.swift in Sources */ = {isa = PBXBuildFile; fileRef = E78C665021C964B000CCEA95 /* DialogAnimationController.swift */; };
/* End PBXBuildFile section */

/* Begin PBXFileReference section */
		E78C663721C94E9C00CCEA95 /* UIPresentationController.app */ = {isa = PBXFileReference; explicitFileType = wrapper.application; includeInIndex = 0; path = UIPresentationController.app; sourceTree = BUILT_PRODUCTS_DIR; };
		E78C663A21C94E9C00CCEA95 /* AppDelegate.swift */ = {isa = PBXFileReference; lastKnownFileType = sourcecode.swift; path = AppDelegate.swift; sourceTree = "<group>"; };
		E78C663C21C94E9C00CCEA95 /* ViewController.swift */ = {isa = PBXFileReference; lastKnownFileType = sourcecode.swift; path = ViewController.swift; sourceTree = "<group>"; };
		E78C663F21C94E9C00CCEA95 /* Base */ = {isa = PBXFileReference; lastKnownFileType = file.storyboard; name = Base; path = Base.lproj/Main.storyboard; sourceTree = "<group>"; };
		E78C664121C94E9D00CCEA95 /* Assets.xcassets */ = {isa = PBXFileReference; lastKnownFileType = folder.assetcatalog; path = Assets.xcassets; sourceTree = "<group>"; };
		E78C664421C94E9D00CCEA95 /* Base */ = {isa = PBXFileReference; lastKnownFileType = file.storyboard; name = Base; path = Base.lproj/LaunchScreen.storyboard; sourceTree = "<group>"; };
		E78C664621C94E9D00CCEA95 /* Info.plist */ = {isa = PBXFileReference; lastKnownFileType = text.plist.xml; path = Info.plist; sourceTree = "<group>"; };
		E78C664C21C9507900CCEA95 /* DialogPresentationController.swift */ = {isa = PBXFileReference; lastKnownFileType = sourcecode.swift; path = DialogPresentationController.swift; sourceTree = "<group>"; };
		E78C664E21C9552900CCEA95 /* DialogViewController.swift */ = {isa = PBXFileReference; lastKnownFileType = sourcecode.swift; path = DialogViewController.swift; sourceTree = "<group>"; };
		E78C665021C964B000CCEA95 /* DialogAnimationController.swift */ = {isa = PBXFileReference; lastKnownFileType = sourcecode.swift; path = DialogAnimationController.swift; sourceTree = "<group>"; };
/* End PBXFileReference section */

/* Begin PBXFrameworksBuildPhase section */
		E78C663421C94E9C00CCEA95 /* Frameworks */ = {
			isa = PBXFrameworksBuildPhase;
			buildActionMask = 2147483647;
			files = (
			);
			runOnlyForDeploymentPostprocessing = 0;
		};
/* End PBXFrameworksBuildPhase section */

/* Begin PBXGroup section */
		E78C662E21C94E9C00CCEA95 = {
			isa = PBXGroup;
			children = (
				E78C663921C94E9C00CCEA95 /* UIPresentationController */,
				E78C663821C94E9C00CCEA95 /* Products */,
			);
			sourceTree = "<group>";
		};
		E78C663821C94E9C00CCEA95 /* Products */ = {
			isa = PBXGroup;
			children = (
				E78C663721C94E9C00CCEA95 /* UIPresentationController.app */,
			);
			name = Products;
			sourceTree = "<group>";
		};
		E78C663921C94E9C00CCEA95 /* UIPresentationController */ = {
			isa = PBXGroup;
			children = (
				E78C663A21C94E9C00CCEA95 /* AppDelegate.swift */,
				E78C663C21C94E9C00CCEA95 /* ViewController.swift */,
				E78C663E21C94E9C00CCEA95 /* Main.storyboard */,
				E78C664C21C9507900CCEA95 /* DialogPresentationController.swift */,
				E78C664E21C9552900CCEA95 /* DialogViewController.swift */,
				E78C665021C964B000CCEA95 /* DialogAnimationController.swift */,
				E78C664121C94E9D00CCEA95 /* Assets.xcassets */,
				E78C664321C94E9D00CCEA95 /* LaunchScreen.storyboard */,
				E78C664621C94E9D00CCEA95 /* Info.plist */,
			);
			path = UIPresentationController;
			sourceTree = "<group>";
		};
/* End PBXGroup section */

/* Begin PBXNativeTarget section */
		E78C663621C94E9C00CCEA95 /* UIPresentationController */ = {
			isa = PBXNativeTarget;
			buildConfigurationList = E78C664921C94E9D00CCEA95 /* Build configuration list for PBXNativeTarget "UIPresentationController" */;
			buildPhases = (
				E78C663321C94E9C00CCEA95 /* Sources */,
				E78C663421C94E9C00CCEA95 /* Frameworks */,
				E78C663521C94E9C00CCEA95 /* Resources */,
			);
			buildRules = (
			);
			dependencies = (
			);
			name = UIPresentationController;
			productName = UIPresentationController;
			productReference = E78C663721C94E9C00CCEA95 /* UIPresentationController.app */;
			productType = "com.apple.product-type.application";
		};
/* End PBXNativeTarget section */

/* Begin PBXProject section */
		E78C662F21C94E9C00CCEA95 /* Project object */ = {
			isa = PBXProject;
			attributes = {
				LastSwiftUpdateCheck = 1010;
				LastUpgradeCheck = 1010;
				ORGANIZATIONNAME = son;
				TargetAttributes = {
					E78C663621C94E9C00CCEA95 = {
						CreatedOnToolsVersion = 10.1;
					};
				};
			};
			buildConfigurationList = E78C663221C94E9C00CCEA95 /* Build configuration list for PBXProject "UIPresentationController" */;
			compatibilityVersion = "Xcode 9.3";
			developmentRegion = en;
			hasScannedForEncodings = 0;
			knownRegions = (
				en,
				Base,
			);
			mainGroup = E78C662E21C94E9C00CCEA95;
			productRefGroup = E78C663821C94E9C00CCEA95 /* Products */;
			projectDirPath = "";
			projectRoot = "";
			targets = (
				E78C663621C94E9C00CCEA95 /* UIPresentationController */,
			);
		};
/* End PBXProject section */

/* Begin PBXResourcesBuildPhase section */
		E78C663521C94E9C00CCEA95 /* Resources */ = {
			isa = PBXResourcesBuildPhase;
			buildActionMask = 2147483647;
			files = (
				E78C664521C94E9D00CCEA95 /* LaunchScreen.storyboard in Resources */,
				E78C664221C94E9D00CCEA95 /* Assets.xcassets in Resources */,
				E78C664021C94E9C00CCEA95 /* Main.storyboard in Resources */,
			);
			runOnlyForDeploymentPostprocessing = 0;
		};
/* End PBXResourcesBuildPhase section */

/* Begin PBXSourcesBuildPhase section */
		E78C663321C94E9C00CCEA95 /* Sources */ = {
			isa = PBXSourcesBuildPhase;
			buildActionMask = 2147483647;
			files = (
				E78C664F21C9552900CCEA95 /* DialogViewController.swift in Sources */,
				E78C664D21C9507900CCEA95 /* DialogPresentationController.swift in Sources */,
				E78C663D21C94E9C00CCEA95 /* ViewController.swift in Sources */,
				E78C665121C964B000CCEA95 /* DialogAnimationController.swift in Sources */,
				E78C663B21C94E9C00CCEA95 /* AppDelegate.swift in Sources */,
			);
			runOnlyForDeploymentPostprocessing = 0;
		};
/* End PBXSourcesBuildPhase section */

/* Begin PBXVariantGroup section */
		E78C663E21C94E9C00CCEA95 /* Main.storyboard */ = {
			isa = PBXVariantGroup;
			children = (
				E78C663F21C94E9C00CCEA95 /* Base */,
			);
			name = Main.storyboard;
			sourceTree = "<group>";
		};
		E78C664321C94E9D00CCEA95 /* LaunchScreen.storyboard */ = {
			isa = PBXVariantGroup;
			children = (
				E78C664421C94E9D00CCEA95 /* Base */,
			);
			name = LaunchScreen.storyboard;
			sourceTree = "<group>";
		};
/* End PBXVariantGroup section */

/* Begin XCBuildConfiguration section */
		E78C664721C94E9D00CCEA95 /* Debug */ = {
			isa = XCBuildConfiguration;
			buildSettings = {
				ALWAYS_SEARCH_USER_PATHS = NO;
				CLANG_ANALYZER_NONNULL = YES;
				CLANG_ANALYZER_NUMBER_OBJECT_CONVERSION = YES_AGGRESSIVE;
				CLANG_CXX_LANGUAGE_STANDARD = "gnu++14";
				CLANG_CXX_LIBRARY = "libc++";
				CLANG_ENABLE_MODULES = YES;
				CLANG_ENABLE_OBJC_ARC = YES;
				CLANG_ENABLE_OBJC_WEAK = YES;
				CLANG_WARN_BLOCK_CAPTURE_AUTORELEASING = YES;
				CLANG_WARN_BOOL_CONVERSION = YES;
				CLANG_WARN_COMMA = YES;
				CLANG_WARN_CONSTANT_CONVERSION = YES;
				CLANG_WARN_DEPRECATED_OBJC_IMPLEMENTATIONS = YES;
				CLANG_WARN_DIRECT_OBJC_ISA_USAGE = YES_ERROR;
				CLANG_WARN_DOCUMENTATION_COMMENTS = YES;
				CLANG_WARN_EMPTY_BODY = YES;
				CLANG_WARN_ENUM_CONVERSION = YES;
				CLANG_WARN_INFINITE_RECURSION = YES;
				CLANG_WARN_INT_CONVERSION = YES;
				CLANG_WARN_NON_LITERAL_NULL_CONVERSION = YES;
				CLANG_WARN_OBJC_IMPLICIT_RETAIN_SELF = YES;
				CLANG_WARN_OBJC_LITERAL_CONVERSION = YES;
				CLANG_WARN_OBJC_ROOT_CLASS = YES_ERROR;
				CLANG_WARN_RANGE_LOOP_ANALYSIS = YES;
				CLANG_WARN_STRICT_PROTOTYPES = YES;
				CLANG_WARN_SUSPICIOUS_MOVE = YES;
				CLANG_WARN_UNGUARDED_AVAILABILITY = YES_AGGRESSIVE;
				CLANG_WARN_UNREACHABLE_CODE = YES;
				CLANG_WARN__DUPLICATE_METHOD_MATCH = YES;
				CODE_SIGN_IDENTITY = "iPhone Developer";
				COPY_PHASE_STRIP = NO;
				DEBUG_INFORMATION_FORMAT = dwarf;
				ENABLE_STRICT_OBJC_MSGSEND = YES;
				ENABLE_TESTABILITY = YES;
				GCC_C_LANGUAGE_STANDARD = gnu11;
				GCC_DYNAMIC_NO_PIC = NO;
				GCC_NO_COMMON_BLOCKS = YES;
				GCC_OPTIMIZATION_LEVEL = 0;
				GCC_PREPROCESSOR_DEFINITIONS = (
					"DEBUG=1",
					"$(inherited)",
				);
				GCC_WARN_64_TO_32_BIT_CONVERSION = YES;
				GCC_WARN_ABOUT_RETURN_TYPE = YES_ERROR;
				GCC_WARN_UNDECLARED_SELECTOR = YES;
				GCC_WARN_UNINITIALIZED_AUTOS = YES_AGGRESSIVE;
				GCC_WARN_UNUSED_FUNCTION = YES;
				GCC_WARN_UNUSED_VARIABLE = YES;
				IPHONEOS_DEPLOYMENT_TARGET = 12.1;
				MTL_ENABLE_DEBUG_INFO = INCLUDE_SOURCE;
				MTL_FAST_MATH = YES;
				ONLY_ACTIVE_ARCH = YES;
				SDKROOT = iphoneos;
				SWIFT_ACTIVE_COMPILATION_CONDITIONS = DEBUG;
				SWIFT_OPTIMIZATION_LEVEL = "-Onone";
			};
			name = Debug;
		};
		E78C664821C94E9D00CCEA95 /* Release */ = {
			isa = XCBuildConfiguration;
			buildSettings = {
				ALWAYS_SEARCH_USER_PATHS = NO;
				CLANG_ANALYZER_NONNULL = YES;
				CLANG_ANALYZER_NUMBER_OBJECT_CONVERSION = YES_AGGRESSIVE;
				CLANG_CXX_LANGUAGE_STANDARD = "gnu++14";
				CLANG_CXX_LIBRARY = "libc++";
				CLANG_ENABLE_MODULES = YES;
				CLANG_ENABLE_OBJC_ARC = YES;
				CLANG_ENABLE_OBJC_WEAK = YES;
				CLANG_WARN_BLOCK_CAPTURE_AUTORELEASING = YES;
				CLANG_WARN_BOOL_CONVERSION = YES;
				CLANG_WARN_COMMA = YES;
				CLANG_WARN_CONSTANT_CONVERSION = YES;
				CLANG_WARN_DEPRECATED_OBJC_IMPLEMENTATIONS = YES;
				CLANG_WARN_DIRECT_OBJC_ISA_USAGE = YES_ERROR;
				CLANG_WARN_DOCUMENTATION_COMMENTS = YES;
				CLANG_WARN_EMPTY_BODY = YES;
				CLANG_WARN_ENUM_CONVERSION = YES;
				CLANG_WARN_INFINITE_RECURSION = YES;
				CLANG_WARN_INT_CONVERSION = YES;
				CLANG_WARN_NON_LITERAL_NULL_CONVERSION = YES;
				CLANG_WARN_OBJC_IMPLICIT_RETAIN_SELF = YES;
				CLANG_WARN_OBJC_LITERAL_CONVERSION = YES;
				CLANG_WARN_OBJC_ROOT_CLASS = YES_ERROR;
				CLANG_WARN_RANGE_LOOP_ANALYSIS = YES;
				CLANG_WARN_STRICT_PROTOTYPES = YES;
				CLANG_WARN_SUSPICIOUS_MOVE = YES;
				CLANG_WARN_UNGUARDED_AVAILABILITY = YES_AGGRESSIVE;
				CLANG_WARN_UNREACHABLE_CODE = YES;
				CLANG_WARN__DUPLICATE_METHOD_MATCH = YES;
				CODE_SIGN_IDENTITY = "iPhone Developer";
				COPY_PHASE_STRIP = NO;
				DEBUG_INFORMATION_FORMAT = "dwarf-with-dsym";
				ENABLE_NS_ASSERTIONS = NO;
				ENABLE_STRICT_OBJC_MSGSEND = YES;
				GCC_C_LANGUAGE_STANDARD = gnu11;
				GCC_NO_COMMON_BLOCKS = YES;
				GCC_WARN_64_TO_32_BIT_CONVERSION = YES;
				GCC_WARN_ABOUT_RETURN_TYPE = YES_ERROR;
				GCC_WARN_UNDECLARED_SELECTOR = YES;
				GCC_WARN_UNINITIALIZED_AUTOS = YES_AGGRESSIVE;
				GCC_WARN_UNUSED_FUNCTION = YES;
				GCC_WARN_UNUSED_VARIABLE = YES;
				IPHONEOS_DEPLOYMENT_TARGET = 12.1;
				MTL_ENABLE_DEBUG_INFO = NO;
				MTL_FAST_MATH = YES;
				SDKROOT = iphoneos;
				SWIFT_COMPILATION_MODE = wholemodule;
				SWIFT_OPTIMIZATION_LEVEL = "-O";
				VALIDATE_PRODUCT = YES;
			};
			name = Release;
		};
		E78C664A21C94E9D00CCEA95 /* Debug */ = {
			isa = XCBuildConfiguration;
			buildSettings = {
				ASSETCATALOG_COMPILER_APPICON_NAME = AppIcon;
				CODE_SIGN_STYLE = Automatic;
				DEVELOPMENT_TEAM = 8CT28C7263;
				INFOPLIST_FILE = UIPresentationController/Info.plist;
				LD_RUNPATH_SEARCH_PATHS = (
					"$(inherited)",
					"@executable_path/Frameworks",
				);
				PRODUCT_BUNDLE_IDENTIFIER = com.son.UIPresentationController;
				PRODUCT_NAME = "$(TARGET_NAME)";
				SWIFT_VERSION = 4.2;
				TARGETED_DEVICE_FAMILY = "1,2";
			};
			name = Debug;
		};
		E78C664B21C94E9D00CCEA95 /* Release */ = {
			isa = XCBuildConfiguration;
			buildSettings = {
				ASSETCATALOG_COMPILER_APPICON_NAME = AppIcon;
				CODE_SIGN_STYLE = Automatic;
				DEVELOPMENT_TEAM = 8CT28C7263;
				INFOPLIST_FILE = UIPresentationController/Info.plist;
				LD_RUNPATH_SEARCH_PATHS = (
					"$(inherited)",
					"@executable_path/Frameworks",
				);
				PRODUCT_BUNDLE_IDENTIFIER = com.son.UIPresentationController;
				PRODUCT_NAME = "$(TARGET_NAME)";
				SWIFT_VERSION = 4.2;
				TARGETED_DEVICE_FAMILY = "1,2";
			};
			name = Release;
		};
/* End XCBuildConfiguration section */

/* Begin XCConfigurationList section */
		E78C663221C94E9C00CCEA95 /* Build configuration list for PBXProject "UIPresentationController" */ = {
			isa = XCConfigurationList;
			buildConfigurations = (
				E78C664721C94E9D00CCEA95 /* Debug */,
				E78C664821C94E9D00CCEA95 /* Release */,
			);
			defaultConfigurationIsVisible = 0;
			defaultConfigurationName = Release;
		};
		E78C664921C94E9D00CCEA95 /* Build configuration list for PBXNativeTarget "UIPresentationController" */ = {
			isa = XCConfigurationList;
			buildConfigurations = (
				E78C664A21C94E9D00CCEA95 /* Debug */,
				E78C664B21C94E9D00CCEA95 /* Release */,
			);
			defaultConfigurationIsVisible = 0;
			defaultConfigurationName = Release;
		};
/* End XCConfigurationList section */
	};
	rootObject = E78C662F21C94E9C00CCEA95 /* Project object */;
}
